<?xml version="1.0" encoding="utf-8"?>
<Project ToolsVersion="4.0" xmlns="http://schemas.microsoft.com/developer/msbuild/2003">
  <ItemGroup>
    <Filter Include="Source Files">
      <UniqueIdentifier>{4FC737F1-C7A5-4376-A066-2A32D752A2FF}</UniqueIdentifier>
      <Extensions>cpp;c;cc;cxx;def;odl;idl;hpj;bat;asm;asmx</Extensions>
    </Filter>
    <Filter Include="Header Files">
      <UniqueIdentifier>{93995380-89BD-4b04-88EB-625FBE52EBFB}</UniqueIdentifier>
      <Extensions>h;hh;hpp;hxx;hm;inl;inc;xsd</Extensions>
    </Filter>
    <Filter Include="Resource Files">
      <UniqueIdentifier>{67DA6AB6-F800-4c08-8B7A-83BB121AAD01}</UniqueIdentifier>
      <Extensions>rc;ico;cur;bmp;dlg;rc2;rct;bin;rgs;gif;jpg;jpeg;jpe;resx;tiff;tif;png;wav;mfcribbon-ms</Extensions>
    </Filter>
    <Filter Include="Source Files\generation">
      <UniqueIdentifier>{3d22fa55-94bf-41c0-b752-bc25d5a8c181}</UniqueIdentifier>
    </Filter>
    <Filter Include="Header Files\generation">
      <UniqueIdentifier>{7f62dc4d-6622-474d-8dca-a564f910fdcc}</UniqueIdentifier>
    </Filter>
    <Filter Include="Header Files\parsing">
      <UniqueIdentifier>{71669360-5f93-45a5-b3c8-8ab8ce4759fd}</UniqueIdentifier>
    </Filter>
    <Filter Include="Source Files\parsing">
      <UniqueIdentifier>{0448b6df-abef-4903-8937-ee702308fcf1}</UniqueIdentifier>
    </Filter>
    <Filter Include="Source Files\exceptions">
      <UniqueIdentifier>{353c51ab-b0c0-4598-84be-ffd00876fbda}</UniqueIdentifier>
    </Filter>
    <Filter Include="Header Files\exceptions">
      <UniqueIdentifier>{e313aacd-ab5d-4a63-a185-8a9217b16df6}</UniqueIdentifier>
    </Filter>
  </ItemGroup>
  <ItemGroup>
    <Text Include="ReadMe.txt" />
  </ItemGroup>
  <ItemGroup>
    <ClInclude Include="stdafx.h">
      <Filter>Header Files</Filter>
    </ClInclude>
    <ClInclude Include="targetver.h">
      <Filter>Header Files</Filter>
    </ClInclude>
    <ClInclude Include="token.h">
      <Filter>Header Files</Filter>
    </ClInclude>
    <ClInclude Include="lexer.h">
      <Filter>Header Files</Filter>
    </ClInclude>
    <ClInclude Include="type.h">
      <Filter>Header Files</Filter>
    </ClInclude>
    <ClInclude Include="resource.h">
      <Filter>Header Files</Filter>
    </ClInclude>
    <ClInclude Include="codetype.h">
      <Filter>Header Files\generation</Filter>
    </ClInclude>
    <ClInclude Include="fndef.h">
      <Filter>Header Files\generation</Filter>
    </ClInclude>
    <ClInclude Include="function.h">
      <Filter>Header Files\generation</Filter>
    </ClInclude>
    <ClInclude Include="generator.h">
      <Filter>Header Files\generation</Filter>
    </ClInclude>
    <ClInclude Include="parser.h">
      <Filter>Header Files\parsing</Filter>
    </ClInclude>
    <ClInclude Include="value.h">
      <Filter>Header Files\generation</Filter>
    </ClInclude>
    <ClInclude Include="compilation_exception.h">
      <Filter>Header Files\exceptions</Filter>
    </ClInclude>
    <ClInclude Include="unexpected_token_exception.h">
      <Filter>Header Files\exceptions</Filter>
    </ClInclude>
    <ClInclude Include="invalid_primary_exception.h">
      <Filter>Header Files\exceptions</Filter>
    </ClInclude>
    <ClInclude Include="ast.h">
      <Filter>Header Files\parsing</Filter>
    </ClInclude>
  </ItemGroup>
  <ItemGroup>
    <ClCompile Include="stdafx.cpp">
      <Filter>Source Files</Filter>
    </ClCompile>
    <ClCompile Include="token.cpp">
      <Filter>Source Files</Filter>
    </ClCompile>
    <ClCompile Include="lexer.cpp">
      <Filter>Source Files</Filter>
    </ClCompile>
    <ClCompile Include="type.cpp">
      <Filter>Source Files</Filter>
    </ClCompile>
    <ClCompile Include="yacppccpp.cpp">
      <Filter>Source Files</Filter>
    </ClCompile>
    <ClCompile Include="generator.cpp">
      <Filter>Source Files\generation</Filter>
    </ClCompile>
    <ClCompile Include="fndef.cpp">
      <Filter>Source Files\generation</Filter>
    </ClCompile>
    <ClCompile Include="function.cpp">
      <Filter>Source Files\generation</Filter>
    </ClCompile>
    <ClCompile Include="codetype.cpp">
      <Filter>Source Files\generation</Filter>
    </ClCompile>
    <ClCompile Include="value.cpp">
      <Filter>Source Files\generation</Filter>
    </ClCompile>
    <ClCompile Include="parser.cpp">
      <Filter>Source Files\parsing</Filter>
    </ClCompile>
    <ClCompile Include="compilation_exception.cpp">
      <Filter>Source Files\exceptions</Filter>
    </ClCompile>
    <ClCompile Include="unexpected_token_exception.cpp">
      <Filter>Source Files\exceptions</Filter>
    </ClCompile>
    <ClCompile Include="invalid_primary_exception.cpp">
      <Filter>Source Files</Filter>
    </ClCompile>
    <ClCompile Include="ast.cpp">
      <Filter>Source Files\parsing</Filter>
    </ClCompile>
  </ItemGroup>
  <ItemGroup>
    <ResourceCompile Include="yacppccpp.rc">
      <Filter>Resource Files</Filter>
    </ResourceCompile>
  </ItemGroup>
</Project>